// !$*UTF8*$!
{
	archiveVersion = 1;
	classes = {
	};
	objectVersion = 46;
	objects = {

/* Begin PBXBuildFile section */
		8A1F3480166B7F0E00F24A5F /* Foundation.framework in Frameworks */ = {isa = PBXBuildFile; fileRef = 8A1F347F166B7F0E00F24A5F /* Foundation.framework */; };
		8A1F3485166B7F0E00F24A5F /* GBStorageController.h in CopyFiles */ = {isa = PBXBuildFile; fileRef = 8A1F3484166B7F0E00F24A5F /* GBStorageController.h */; };
		8A1F3487166B7F0E00F24A5F /* GBStorageController.m in Sources */ = {isa = PBXBuildFile; fileRef = 8A1F3486166B7F0E00F24A5F /* GBStorageController.m */; };
		8A1F348F166B7F0E00F24A5F /* SenTestingKit.framework in Frameworks */ = {isa = PBXBuildFile; fileRef = 8A1F348E166B7F0E00F24A5F /* SenTestingKit.framework */; };
		8A1F3491166B7F0E00F24A5F /* UIKit.framework in Frameworks */ = {isa = PBXBuildFile; fileRef = 8A1F3490166B7F0E00F24A5F /* UIKit.framework */; };
		8A1F3492166B7F0E00F24A5F /* Foundation.framework in Frameworks */ = {isa = PBXBuildFile; fileRef = 8A1F347F166B7F0E00F24A5F /* Foundation.framework */; };
		8A1F3495166B7F0E00F24A5F /* libGBStorageController.a in Frameworks */ = {isa = PBXBuildFile; fileRef = 8A1F347C166B7F0E00F24A5F /* libGBStorageController.a */; };
		8A1F349B166B7F0E00F24A5F /* InfoPlist.strings in Resources */ = {isa = PBXBuildFile; fileRef = 8A1F3499166B7F0E00F24A5F /* InfoPlist.strings */; };
		8A1F349E166B7F0E00F24A5F /* GBStorageControllerTests.m in Sources */ = {isa = PBXBuildFile; fileRef = 8A1F349D166B7F0E00F24A5F /* GBStorageControllerTests.m */; };
		8A814B4E166B839F0097E115 /* libGBToolbox.a in Frameworks */ = {isa = PBXBuildFile; fileRef = 8A1F34B1166B7F7200F24A5F /* libGBToolbox.a */; };
		8A814B51166B851A0097E115 /* CoreGraphics.framework in Frameworks */ = {isa = PBXBuildFile; fileRef = 8A814B50166B851A0097E115 /* CoreGraphics.framework */; };
/* End PBXBuildFile section */

/* Begin PBXContainerItemProxy section */
		8A1F3493166B7F0E00F24A5F /* PBXContainerItemProxy */ = {
			isa = PBXContainerItemProxy;
			containerPortal = 8A1F3473166B7F0E00F24A5F /* Project object */;
			proxyType = 1;
			remoteGlobalIDString = 8A1F347B166B7F0E00F24A5F;
			remoteInfo = GBStorageController;
		};
		8A1F34B0166B7F7200F24A5F /* PBXContainerItemProxy */ = {
			isa = PBXContainerItemProxy;
			containerPortal = 8A1F34A8166B7F7200F24A5F /* GBToolbox.xcodeproj */;
			proxyType = 2;
			remoteGlobalIDString = 8AD911B1162D9E2200C9D287;
			remoteInfo = GBToolbox;
		};
		8A1F34B2166B7F7200F24A5F /* PBXContainerItemProxy */ = {
			isa = PBXContainerItemProxy;
			containerPortal = 8A1F34A8166B7F7200F24A5F /* GBToolbox.xcodeproj */;
			proxyType = 2;
			remoteGlobalIDString = 8A0C4E34165FA60C00A990FB;
			remoteInfo = GBToolboxUnitTests;
		};
		8A1F34B8166B7F8200F24A5F /* PBXContainerItemProxy */ = {
			isa = PBXContainerItemProxy;
			containerPortal = 8A1F34A8166B7F7200F24A5F /* GBToolbox.xcodeproj */;
			proxyType = 1;
			remoteGlobalIDString = 8AD911B0162D9E2200C9D287;
			remoteInfo = GBToolbox;
		};
		8A814B4C166B839C0097E115 /* PBXContainerItemProxy */ = {
			isa = PBXContainerItemProxy;
			containerPortal = 8A1F34A8166B7F7200F24A5F /* GBToolbox.xcodeproj */;
			proxyType = 1;
			remoteGlobalIDString = 8AD911B0162D9E2200C9D287;
			remoteInfo = GBToolbox;
		};
/* End PBXContainerItemProxy section */

/* Begin PBXCopyFilesBuildPhase section */
		8A1F347A166B7F0E00F24A5F /* CopyFiles */ = {
			isa = PBXCopyFilesBuildPhase;
			buildActionMask = 2147483647;
			dstPath = "include/${PRODUCT_NAME}";
			dstSubfolderSpec = 16;
			files = (
				8A1F3485166B7F0E00F24A5F /* GBStorageController.h in CopyFiles */,
			);
			runOnlyForDeploymentPostprocessing = 0;
		};
/* End PBXCopyFilesBuildPhase section */

/* Begin PBXFileReference section */
		8A1F347C166B7F0E00F24A5F /* libGBStorageController.a */ = {isa = PBXFileReference; explicitFileType = archive.ar; includeInIndex = 0; path = libGBStorageController.a; sourceTree = BUILT_PRODUCTS_DIR; };
		8A1F347F166B7F0E00F24A5F /* Foundation.framework */ = {isa = PBXFileReference; lastKnownFileType = wrapper.framework; name = Foundation.framework; path = System/Library/Frameworks/Foundation.framework; sourceTree = SDKROOT; };
		8A1F3483166B7F0E00F24A5F /* GBStorageController-Prefix.pch */ = {isa = PBXFileReference; lastKnownFileType = sourcecode.c.h; path = "GBStorageController-Prefix.pch"; sourceTree = "<group>"; };
		8A1F3484166B7F0E00F24A5F /* GBStorageController.h */ = {isa = PBXFileReference; lastKnownFileType = sourcecode.c.h; path = GBStorageController.h; sourceTree = "<group>"; };
		8A1F3486166B7F0E00F24A5F /* GBStorageController.m */ = {isa = PBXFileReference; lastKnownFileType = sourcecode.c.objc; path = GBStorageController.m; sourceTree = "<group>"; };
		8A1F348D166B7F0E00F24A5F /* GBStorageControllerTests.octest */ = {isa = PBXFileReference; explicitFileType = wrapper.cfbundle; includeInIndex = 0; path = GBStorageControllerTests.octest; sourceTree = BUILT_PRODUCTS_DIR; };
		8A1F348E166B7F0E00F24A5F /* SenTestingKit.framework */ = {isa = PBXFileReference; lastKnownFileType = wrapper.framework; name = SenTestingKit.framework; path = Library/Frameworks/SenTestingKit.framework; sourceTree = DEVELOPER_DIR; };
		8A1F3490166B7F0E00F24A5F /* UIKit.framework */ = {isa = PBXFileReference; lastKnownFileType = wrapper.framework; name = UIKit.framework; path = Library/Frameworks/UIKit.framework; sourceTree = DEVELOPER_DIR; };
		8A1F3498166B7F0E00F24A5F /* GBStorageControllerTests-Info.plist */ = {isa = PBXFileReference; lastKnownFileType = text.plist.xml; path = "GBStorageControllerTests-Info.plist"; sourceTree = "<group>"; };
		8A1F349A166B7F0E00F24A5F /* en */ = {isa = PBXFileReference; lastKnownFileType = text.plist.strings; name = en; path = en.lproj/InfoPlist.strings; sourceTree = "<group>"; };
		8A1F349C166B7F0E00F24A5F /* GBStorageControllerTests.h */ = {isa = PBXFileReference; lastKnownFileType = sourcecode.c.h; path = GBStorageControllerTests.h; sourceTree = "<group>"; };
		8A1F349D166B7F0E00F24A5F /* GBStorageControllerTests.m */ = {isa = PBXFileReference; lastKnownFileType = sourcecode.c.objc; path = GBStorageControllerTests.m; sourceTree = "<group>"; };
		8A1F34A8166B7F7200F24A5F /* GBToolbox.xcodeproj */ = {isa = PBXFileReference; lastKnownFileType = "wrapper.pb-project"; name = GBToolbox.xcodeproj; path = ../../GBToolbox/GBToolbox.xcodeproj; sourceTree = "<group>"; };
		8A814B50166B851A0097E115 /* CoreGraphics.framework */ = {isa = PBXFileReference; lastKnownFileType = wrapper.framework; name = CoreGraphics.framework; path = System/Library/Frameworks/CoreGraphics.framework; sourceTree = SDKROOT; };
/* End PBXFileReference section */

/* Begin PBXFrameworksBuildPhase section */
		8A1F3479166B7F0E00F24A5F /* Frameworks */ = {
			isa = PBXFrameworksBuildPhase;
			buildActionMask = 2147483647;
			files = (
				8A1F3480166B7F0E00F24A5F /* Foundation.framework in Frameworks */,
			);
			runOnlyForDeploymentPostprocessing = 0;
		};
		8A1F3489166B7F0E00F24A5F /* Frameworks */ = {
			isa = PBXFrameworksBuildPhase;
			buildActionMask = 2147483647;
			files = (
				8A814B51166B851A0097E115 /* CoreGraphics.framework in Frameworks */,
				8A814B4E166B839F0097E115 /* libGBToolbox.a in Frameworks */,
				8A1F3495166B7F0E00F24A5F /* libGBStorageController.a in Frameworks */,
				8A1F348F166B7F0E00F24A5F /* SenTestingKit.framework in Frameworks */,
				8A1F3491166B7F0E00F24A5F /* UIKit.framework in Frameworks */,
				8A1F3492166B7F0E00F24A5F /* Foundation.framework in Frameworks */,
			);
			runOnlyForDeploymentPostprocessing = 0;
		};
/* End PBXFrameworksBuildPhase section */

/* Begin PBXGroup section */
		8A1F3471166B7F0E00F24A5F = {
			isa = PBXGroup;
			children = (
				8A1F34B4166B7F7500F24A5F /* Libraries */,
				8A1F3481166B7F0E00F24A5F /* GBStorageController */,
				8A1F3496166B7F0E00F24A5F /* GBStorageControllerTests */,
				8A1F347E166B7F0E00F24A5F /* Frameworks */,
				8A1F347D166B7F0E00F24A5F /* Products */,
			);
			sourceTree = "<group>";
		};
		8A1F347D166B7F0E00F24A5F /* Products */ = {
			isa = PBXGroup;
			children = (
				8A1F347C166B7F0E00F24A5F /* libGBStorageController.a */,
				8A1F348D166B7F0E00F24A5F /* GBStorageControllerTests.octest */,
			);
			name = Products;
			sourceTree = "<group>";
		};
		8A1F347E166B7F0E00F24A5F /* Frameworks */ = {
			isa = PBXGroup;
			children = (
				8A814B50166B851A0097E115 /* CoreGraphics.framework */,
				8A1F347F166B7F0E00F24A5F /* Foundation.framework */,
				8A1F348E166B7F0E00F24A5F /* SenTestingKit.framework */,
				8A1F3490166B7F0E00F24A5F /* UIKit.framework */,
			);
			name = Frameworks;
			sourceTree = "<group>";
		};
		8A1F3481166B7F0E00F24A5F /* GBStorageController */ = {
			isa = PBXGroup;
			children = (
				8A1F34A7166B7F1600F24A5F /* Code */,
				8A1F3482166B7F0E00F24A5F /* Supporting Files */,
			);
			path = GBStorageController;
			sourceTree = "<group>";
		};
		8A1F3482166B7F0E00F24A5F /* Supporting Files */ = {
			isa = PBXGroup;
			children = (
				8A1F3483166B7F0E00F24A5F /* GBStorageController-Prefix.pch */,
			);
			name = "Supporting Files";
			sourceTree = "<group>";
		};
		8A1F3496166B7F0E00F24A5F /* GBStorageControllerTests */ = {
			isa = PBXGroup;
			children = (
				8A1F349C166B7F0E00F24A5F /* GBStorageControllerTests.h */,
				8A1F349D166B7F0E00F24A5F /* GBStorageControllerTests.m */,
				8A1F3497166B7F0E00F24A5F /* Supporting Files */,
			);
			path = GBStorageControllerTests;
			sourceTree = "<group>";
		};
		8A1F3497166B7F0E00F24A5F /* Supporting Files */ = {
			isa = PBXGroup;
			children = (
				8A1F3498166B7F0E00F24A5F /* GBStorageControllerTests-Info.plist */,
				8A1F3499166B7F0E00F24A5F /* InfoPlist.strings */,
			);
			name = "Supporting Files";
			sourceTree = "<group>";
		};
		8A1F34A7166B7F1600F24A5F /* Code */ = {
			isa = PBXGroup;
			children = (
				8A1F3484166B7F0E00F24A5F /* GBStorageController.h */,
				8A1F3486166B7F0E00F24A5F /* GBStorageController.m */,
			);
			name = Code;
			sourceTree = "<group>";
		};
		8A1F34A9166B7F7200F24A5F /* Products */ = {
			isa = PBXGroup;
			children = (
				8A1F34B1166B7F7200F24A5F /* libGBToolbox.a */,
				8A1F34B3166B7F7200F24A5F /* GBToolboxUnitTests.octest */,
			);
			name = Products;
			sourceTree = "<group>";
		};
		8A1F34B4166B7F7500F24A5F /* Libraries */ = {
			isa = PBXGroup;
			children = (
				8A1F34A8166B7F7200F24A5F /* GBToolbox.xcodeproj */,
			);
			name = Libraries;
			path = GBStorageController;
			sourceTree = "<group>";
		};
/* End PBXGroup section */

/* Begin PBXNativeTarget section */
		8A1F347B166B7F0E00F24A5F /* GBStorageController */ = {
			isa = PBXNativeTarget;
			buildConfigurationList = 8A1F34A1166B7F0E00F24A5F /* Build configuration list for PBXNativeTarget "GBStorageController" */;
			buildPhases = (
				8A1F3478166B7F0E00F24A5F /* Sources */,
				8A1F3479166B7F0E00F24A5F /* Frameworks */,
				8A1F347A166B7F0E00F24A5F /* CopyFiles */,
			);
			buildRules = (
			);
			dependencies = (
				8A1F34B9166B7F8200F24A5F /* PBXTargetDependency */,
			);
			name = GBStorageController;
			productName = GBStorageController;
			productReference = 8A1F347C166B7F0E00F24A5F /* libGBStorageController.a */;
			productType = "com.apple.product-type.library.static";
		};
		8A1F348C166B7F0E00F24A5F /* GBStorageControllerTests */ = {
			isa = PBXNativeTarget;
			buildConfigurationList = 8A1F34A4166B7F0E00F24A5F /* Build configuration list for PBXNativeTarget "GBStorageControllerTests" */;
			buildPhases = (
				8A1F3488166B7F0E00F24A5F /* Sources */,
				8A1F3489166B7F0E00F24A5F /* Frameworks */,
				8A1F348A166B7F0E00F24A5F /* Resources */,
				8A1F348B166B7F0E00F24A5F /* ShellScript */,
			);
			buildRules = (
			);
			dependencies = (
				8A814B4D166B839C0097E115 /* PBXTargetDependency */,
				8A1F3494166B7F0E00F24A5F /* PBXTargetDependency */,
			);
			name = GBStorageControllerTests;
			productName = GBStorageControllerTests;
			productReference = 8A1F348D166B7F0E00F24A5F /* GBStorageControllerTests.octest */;
			productType = "com.apple.product-type.bundle";
		};
/* End PBXNativeTarget section */

/* Begin PBXProject section */
		8A1F3473166B7F0E00F24A5F /* Project object */ = {
			isa = PBXProject;
			attributes = {
				LastUpgradeCheck = 0450;
				ORGANIZATIONNAME = Goonbee;
			};
			buildConfigurationList = 8A1F3476166B7F0E00F24A5F /* Build configuration list for PBXProject "GBStorageController" */;
			compatibilityVersion = "Xcode 3.2";
			developmentRegion = English;
			hasScannedForEncodings = 0;
			knownRegions = (
				en,
			);
			mainGroup = 8A1F3471166B7F0E00F24A5F;
			productRefGroup = 8A1F347D166B7F0E00F24A5F /* Products */;
			projectDirPath = "";
			projectReferences = (
				{
					ProductGroup = 8A1F34A9166B7F7200F24A5F /* Products */;
					ProjectRef = 8A1F34A8166B7F7200F24A5F /* GBToolbox.xcodeproj */;
				},
			);
			projectRoot = "";
			targets = (
				8A1F347B166B7F0E00F24A5F /* GBStorageController */,
				8A1F348C166B7F0E00F24A5F /* GBStorageControllerTests */,
			);
		};
/* End PBXProject section */

/* Begin PBXReferenceProxy section */
		8A1F34B1166B7F7200F24A5F /* libGBToolbox.a */ = {
			isa = PBXReferenceProxy;
			fileType = archive.ar;
			path = libGBToolbox.a;
			remoteRef = 8A1F34B0166B7F7200F24A5F /* PBXContainerItemProxy */;
			sourceTree = BUILT_PRODUCTS_DIR;
		};
		8A1F34B3166B7F7200F24A5F /* GBToolboxUnitTests.octest */ = {
			isa = PBXReferenceProxy;
			fileType = wrapper.cfbundle;
			path = GBToolboxUnitTests.octest;
			remoteRef = 8A1F34B2166B7F7200F24A5F /* PBXContainerItemProxy */;
			sourceTree = BUILT_PRODUCTS_DIR;
		};
/* End PBXReferenceProxy section */

/* Begin PBXResourcesBuildPhase section */
		8A1F348A166B7F0E00F24A5F /* Resources */ = {
			isa = PBXResourcesBuildPhase;
			buildActionMask = 2147483647;
			files = (
				8A1F349B166B7F0E00F24A5F /* InfoPlist.strings in Resources */,
			);
			runOnlyForDeploymentPostprocessing = 0;
		};
/* End PBXResourcesBuildPhase section */

/* Begin PBXShellScriptBuildPhase section */
		8A1F348B166B7F0E00F24A5F /* ShellScript */ = {
			isa = PBXShellScriptBuildPhase;
			buildActionMask = 2147483647;
			files = (
			);
			inputPaths = (
			);
			outputPaths = (
			);
			runOnlyForDeploymentPostprocessing = 0;
			shellPath = /bin/sh;
			shellScript = "# Run the unit tests in this test bundle.\n\"${SYSTEM_DEVELOPER_DIR}/Tools/RunUnitTests\"\n";
		};
/* End PBXShellScriptBuildPhase section */

/* Begin PBXSourcesBuildPhase section */
		8A1F3478166B7F0E00F24A5F /* Sources */ = {
			isa = PBXSourcesBuildPhase;
			buildActionMask = 2147483647;
			files = (
				8A1F3487166B7F0E00F24A5F /* GBStorageController.m in Sources */,
			);
			runOnlyForDeploymentPostprocessing = 0;
		};
		8A1F3488166B7F0E00F24A5F /* Sources */ = {
			isa = PBXSourcesBuildPhase;
			buildActionMask = 2147483647;
			files = (
				8A1F349E166B7F0E00F24A5F /* GBStorageControllerTests.m in Sources */,
			);
			runOnlyForDeploymentPostprocessing = 0;
		};
/* End PBXSourcesBuildPhase section */

/* Begin PBXTargetDependency section */
		8A1F3494166B7F0E00F24A5F /* PBXTargetDependency */ = {
			isa = PBXTargetDependency;
			target = 8A1F347B166B7F0E00F24A5F /* GBStorageController */;
			targetProxy = 8A1F3493166B7F0E00F24A5F /* PBXContainerItemProxy */;
		};
		8A1F34B9166B7F8200F24A5F /* PBXTargetDependency */ = {
			isa = PBXTargetDependency;
			name = GBToolbox;
			targetProxy = 8A1F34B8166B7F8200F24A5F /* PBXContainerItemProxy */;
		};
		8A814B4D166B839C0097E115 /* PBXTargetDependency */ = {
			isa = PBXTargetDependency;
			name = GBToolbox;
			targetProxy = 8A814B4C166B839C0097E115 /* PBXContainerItemProxy */;
		};
/* End PBXTargetDependency section */

/* Begin PBXVariantGroup section */
		8A1F3499166B7F0E00F24A5F /* InfoPlist.strings */ = {
			isa = PBXVariantGroup;
			children = (
				8A1F349A166B7F0E00F24A5F /* en */,
			);
			name = InfoPlist.strings;
			sourceTree = "<group>";
		};
/* End PBXVariantGroup section */

/* Begin XCBuildConfiguration section */
		8A1F349F166B7F0E00F24A5F /* Debug */ = {
			isa = XCBuildConfiguration;
			buildSettings = {
				ALWAYS_SEARCH_USER_PATHS = NO;
				CLANG_CXX_LANGUAGE_STANDARD = "gnu++0x";
				CLANG_CXX_LIBRARY = "libc++";
				CLANG_ENABLE_OBJC_ARC = YES;
				CLANG_WARN_EMPTY_BODY = YES;
				CLANG_WARN__DUPLICATE_METHOD_MATCH = YES;
				COPY_PHASE_STRIP = NO;
				GCC_C_LANGUAGE_STANDARD = gnu99;
				GCC_DYNAMIC_NO_PIC = NO;
				GCC_OPTIMIZATION_LEVEL = 0;
				GCC_PREPROCESSOR_DEFINITIONS = (
					"DEBUG=1",
					"$(inherited)",
				);
				GCC_SYMBOLS_PRIVATE_EXTERN = NO;
				GCC_WARN_ABOUT_RETURN_TYPE = YES;
				GCC_WARN_UNINITIALIZED_AUTOS = YES;
				GCC_WARN_UNUSED_VARIABLE = YES;
				HEADER_SEARCH_PATHS = "../**";
				IPHONEOS_DEPLOYMENT_TARGET = 5.0;
				ONLY_ACTIVE_ARCH = YES;
				OTHER_LDFLAGS = "-ObjC";
				SDKROOT = iphoneos;
			};
			name = Debug;
		};
		8A1F34A0166B7F0E00F24A5F /* Release */ = {
			isa = XCBuildConfiguration;
			buildSettings = {
				ALWAYS_SEARCH_USER_PATHS = NO;
				CLANG_CXX_LANGUAGE_STANDARD = "gnu++0x";
				CLANG_CXX_LIBRARY = "libc++";
				CLANG_ENABLE_OBJC_ARC = YES;
				CLANG_WARN_EMPTY_BODY = YES;
				CLANG_WARN__DUPLICATE_METHOD_MATCH = YES;
				COPY_PHASE_STRIP = YES;
				GCC_C_LANGUAGE_STANDARD = gnu99;
				GCC_WARN_ABOUT_RETURN_TYPE = YES;
				GCC_WARN_UNINITIALIZED_AUTOS = YES;
				GCC_WARN_UNUSED_VARIABLE = YES;
				HEADER_SEARCH_PATHS = "../**";
				IPHONEOS_DEPLOYMENT_TARGET = 5.0;
				OTHER_LDFLAGS = "-ObjC";
				SDKROOT = iphoneos;
				VALIDATE_PRODUCT = YES;
			};
			name = Release;
		};
		8A1F34A2166B7F0E00F24A5F /* Debug */ = {
			isa = XCBuildConfiguration;
			buildSettings = {
				DSTROOT = /tmp/GBStorageController.dst;
				GCC_PRECOMPILE_PREFIX_HEADER = YES;
				GCC_PREFIX_HEADER = "GBStorageController/GBStorageController-Prefix.pch";
				OTHER_LDFLAGS = "-ObjC";
				PRODUCT_NAME = "$(TARGET_NAME)";
				SKIP_INSTALL = YES;
			};
			name = Debug;
		};
		8A1F34A3166B7F0E00F24A5F /* Release */ = {
			isa = XCBuildConfiguration;
			buildSettings = {
				DSTROOT = /tmp/GBStorageController.dst;
				GCC_PRECOMPILE_PREFIX_HEADER = YES;
				GCC_PREFIX_HEADER = "GBStorageController/GBStorageController-Prefix.pch";
				OTHER_LDFLAGS = "-ObjC";
				PRODUCT_NAME = "$(TARGET_NAME)";
				SKIP_INSTALL = YES;
			};
			name = Release;
		};
		8A1F34A5166B7F0E00F24A5F /* Debug */ = {
			isa = XCBuildConfiguration;
			buildSettings = {
				FRAMEWORK_SEARCH_PATHS = (
					"\"$(SDKROOT)/Developer/Library/Frameworks\"",
					"\"$(DEVELOPER_LIBRARY_DIR)/Frameworks\"",
				);
				GCC_PRECOMPILE_PREFIX_HEADER = YES;
				GCC_PREFIX_HEADER = "GBStorageController/GBStorageController-Prefix.pch";
				INFOPLIST_FILE = "GBStorageControllerTests/GBStorageControllerTests-Info.plist";
				PRODUCT_NAME = "$(TARGET_NAME)";
				WRAPPER_EXTENSION = octest;
			};
			name = Debug;
		};
		8A1F34A6166B7F0E00F24A5F /* Release */ = {
			isa = XCBuildConfiguration;
			buildSettings = {
				FRAMEWORK_SEARCH_PATHS = (
					"\"$(SDKROOT)/Developer/Library/Frameworks\"",
					"\"$(DEVELOPER_LIBRARY_DIR)/Frameworks\"",
				);
				GCC_PRECOMPILE_PREFIX_HEADER = YES;
				GCC_PREFIX_HEADER = "GBStorageController/GBStorageController-Prefix.pch";
				INFOPLIST_FILE = "GBStorageControllerTests/GBStorageControllerTests-Info.plist";
				PRODUCT_NAME = "$(TARGET_NAME)";
				WRAPPER_EXTENSION = octest;
			};
			name = Release;
		};
/* End XCBuildConfiguration section */

/* Begin XCConfigurationList section */
		8A1F3476166B7F0E00F24A5F /* Build configuration list for PBXProject "GBStorageController" */ = {
			isa = XCConfigurationList;
			buildConfigurations = (
				8A1F349F166B7F0E00F24A5F /* Debug */,
				8A1F34A0166B7F0E00F24A5F /* Release */,
			);
			defaultConfigurationIsVisible = 0;
			defaultConfigurationName = Release;
		};
		8A1F34A1166B7F0E00F24A5F /* Build configuration list for PBXNativeTarget "GBStorageController" */ = {
			isa = XCConfigurationList;
			buildConfigurations = (
				8A1F34A2166B7F0E00F24A5F /* Debug */,
				8A1F34A3166B7F0E00F24A5F /* Release */,
			);
			defaultConfigurationIsVisible = 0;
			defaultConfigurationName = Release;
		};
		8A1F34A4166B7F0E00F24A5F /* Build configuration list for PBXNativeTarget "GBStorageControllerTests" */ = {
			isa = XCConfigurationList;
			buildConfigurations = (
				8A1F34A5166B7F0E00F24A5F /* Debug */,
				8A1F34A6166B7F0E00F24A5F /* Release */,
			);
			defaultConfigurationIsVisible = 0;
			defaultConfigurationName = Release;
		};
/* End XCConfigurationList section */
	};
	rootObject = 8A1F3473166B7F0E00F24A5F /* Project object */;
}
